
Microsoft Visual Studio Solution File, Format Version 12.00
# Visual Studio Version 16
VisualStudioVersion = 16.0.31702.278
MinimumVisualStudioVersion = 10.0.40219.1
Project("{FAE04EC0-301F-11D3-BF4B-00C04F79EFBC}") = "APIcatalogoJogos", "APIcatalogoJogos\APIcatalogoJogos.csproj", "{A13D1D02-6928-44CA-8F26-32D40ADAB32C}"
EndProject
Project("{2150E333-8FDC-42A3-9474-1A3956D46DE8}") = "Solution Items", "Solution Items", "{2BB21D6E-CDD6-4C60-B181-D0C5C3BA0AAD}"
	ProjectSection(SolutionItems) = preProject
		.editorconfig = .editorconfig
	EndProjectSection
EndProject
Global
	GlobalSection(SolutionConfigurationPlatforms) = preSolution
		Debug|Any CPU = Debug|Any CPU
		Release|Any CPU = Release|Any CPU
	EndGlobalSection
	GlobalSection(ProjectConfigurationPlatforms) = postSolution
		{A13D1D02-6928-44CA-8F26-32D40ADAB32C}.Debug|Any CPU.ActiveCfg = Debug|Any CPU
		{A13D1D02-6928-44CA-8F26-32D40ADAB32C}.Debug|Any CPU.Build.0 = Debug|Any CPU
		{A13D1D02-6928-44CA-8F26-32D40ADAB32C}.Release|Any CPU.ActiveCfg = Release|Any CPU
		{A13D1D02-6928-44CA-8F26-32D40ADAB32C}.Release|Any CPU.Build.0 = Release|Any CPU
	EndGlobalSection
	GlobalSection(SolutionProperties) = preSolution
		HideSolutionNode = FALSE
	EndGlobalSection
	GlobalSection(ExtensibilityGlobals) = postSolution
		SolutionGuid = {CAF1BB87-25E3-4316-A78C-B2862698AEF4}
	EndGlobalSection
EndGlobal
